
Microsoft Visual Studio Solution File, Format Version 12.00
# Visual Studio Version 17
VisualStudioVersion = 17.8.34525.116
MinimumVisualStudioVersion = 10.0.40219.1
Project("{9A19103F-16F7-4668-BE54-9A1E7A4F7556}") = "AcervoFilmes", "AcervoFilmes\AcervoFilmes.csproj", "{BA2C1135-D38B-4D3F-B141-B3B6AB4DCE86}"
EndProject
Project("{2150E333-8FDC-42A3-9474-1A3956D46DE8}") = "UnitTests", "UnitTests", "{651E28A6-8E84-4110-920F-1D15AF1DFC29}"
EndProject
Project("{FAE04EC0-301F-11D3-BF4B-00C04F79EFBC}") = "Template.AcervoFilme.Tests", "Template.AcervoFilme.Tests\Template.AcervoFilme.Tests.csproj", "{9CF232D3-B54A-4972-9B14-F4EEB8C0D53B}"
EndProject
Global
	GlobalSection(SolutionConfigurationPlatforms) = preSolution
		Debug|Any CPU = Debug|Any CPU
		Release|Any CPU = Release|Any CPU
	EndGlobalSection
	GlobalSection(ProjectConfigurationPlatforms) = postSolution
		{BA2C1135-D38B-4D3F-B141-B3B6AB4DCE86}.Debug|Any CPU.ActiveCfg = Debug|Any CPU
		{BA2C1135-D38B-4D3F-B141-B3B6AB4DCE86}.Debug|Any CPU.Build.0 = Debug|Any CPU
		{BA2C1135-D38B-4D3F-B141-B3B6AB4DCE86}.Release|Any CPU.ActiveCfg = Release|Any CPU
		{BA2C1135-D38B-4D3F-B141-B3B6AB4DCE86}.Release|Any CPU.Build.0 = Release|Any CPU
		{9CF232D3-B54A-4972-9B14-F4EEB8C0D53B}.Debug|Any CPU.ActiveCfg = Debug|Any CPU
		{9CF232D3-B54A-4972-9B14-F4EEB8C0D53B}.Debug|Any CPU.Build.0 = Debug|Any CPU
		{9CF232D3-B54A-4972-9B14-F4EEB8C0D53B}.Release|Any CPU.ActiveCfg = Release|Any CPU
		{9CF232D3-B54A-4972-9B14-F4EEB8C0D53B}.Release|Any CPU.Build.0 = Release|Any CPU
	EndGlobalSection
	GlobalSection(SolutionProperties) = preSolution
		HideSolutionNode = FALSE
	EndGlobalSection
	GlobalSection(NestedProjects) = preSolution
		{9CF232D3-B54A-4972-9B14-F4EEB8C0D53B} = {651E28A6-8E84-4110-920F-1D15AF1DFC29}
	EndGlobalSection
	GlobalSection(ExtensibilityGlobals) = postSolution
		SolutionGuid = {8E207E84-0498-42A8-9412-43F0D047175C}
	EndGlobalSection
EndGlobal
